# THIS IS AN AUTOGENERATED FILE. DO NOT EDIT THIS FILE DIRECTLY.
# yarn lockfile v1


"@panva/asn1.js@^1.0.0":
  version "1.0.0"
  resolved "https://registry.yarnpkg.com/@panva/asn1.js/-/asn1.js-1.0.0.tgz#dd55ae7b8129e02049f009408b97c61ccf9032f6"
  integrity sha512-UdkG3mLEqXgnlKsWanWcgb6dOjUzJ+XC5f+aWw30qrtjxeNUSfKX1cd5FBzOaXQumoe9nIqeZUvrRJS03HCCtw==

jose@^2.0.7:
  version "2.0.7"
  resolved "https://registry.yarnpkg.com/jose/-/jose-2.0.7.tgz#3aabbaec70bff313c108b9406498a163737b16ba"
  integrity sha512-5hFWIigKqC+e/lRyQhfnirrAqUdIPMB7SJRqflJaO29dW7q5DFvH1XCSTmv6PQ6pb++0k6MJlLRoS0Wv4s38Wg==
  dependencies:
    "@panva/asn1.js" "^1.0.0"
